
Microsoft Visual Studio Solution File, Format Version 12.00
# Visual Studio Version 17
VisualStudioVersion = 17.8.34309.116
MinimumVisualStudioVersion = 10.0.40219.1
Project("{9A19103F-16F7-4668-BE54-9A1E7A4F7556}") = "Client", "Client\Client.csproj", "{30277A42-ABFB-4452-8F04-8C8B964CA946}"
EndProject
Project("{FAE04EC0-301F-11D3-BF4B-00C04F79EFBC}") = "Api", "Api\Api.csproj", "{539FA85B-BD37-422C-97F5-0B0C98D3C1EF}"
EndProject
Global
	GlobalSection(SolutionConfigurationPlatforms) = preSolution
		Debug|Any CPU = Debug|Any CPU
		Release|Any CPU = Release|Any CPU
	EndGlobalSection
	GlobalSection(ProjectConfigurationPlatforms) = postSolution
		{30277A42-ABFB-4452-8F04-8C8B964CA946}.Debug|Any CPU.ActiveCfg = Debug|Any CPU
		{30277A42-ABFB-4452-8F04-8C8B964CA946}.Debug|Any CPU.Build.0 = Debug|Any CPU
		{30277A42-ABFB-4452-8F04-8C8B964CA946}.Release|Any CPU.ActiveCfg = Release|Any CPU
		{30277A42-ABFB-4452-8F04-8C8B964CA946}.Release|Any CPU.Build.0 = Release|Any CPU
		{539FA85B-BD37-422C-97F5-0B0C98D3C1EF}.Debug|Any CPU.ActiveCfg = Debug|Any CPU
		{539FA85B-BD37-422C-97F5-0B0C98D3C1EF}.Debug|Any CPU.Build.0 = Debug|Any CPU
		{539FA85B-BD37-422C-97F5-0B0C98D3C1EF}.Release|Any CPU.ActiveCfg = Release|Any CPU
		{539FA85B-BD37-422C-97F5-0B0C98D3C1EF}.Release|Any CPU.Build.0 = Release|Any CPU
	EndGlobalSection
	GlobalSection(SolutionProperties) = preSolution
		HideSolutionNode = FALSE
	EndGlobalSection
	GlobalSection(ExtensibilityGlobals) = postSolution
		SolutionGuid = {01A29E70-ACC1-4242-BD11-7BBF69021D29}
	EndGlobalSection
EndGlobal
